
Microsoft Visual Studio Solution File, Format Version 10.00
# Visual C# Express 2008
Project("{FAE04EC0-301F-11D3-BF4B-00C04F79EFBC}") = "WebCS.UI", "WebCS.UI\WebCS.UI.csproj", "{C6D7C809-A928-4003-BC23-66828D1CCC34}"
	ProjectSection(ProjectDependencies) = postProject
		{7D52AF35-C940-4885-B6D3-44C0E442EABC} = {7D52AF35-C940-4885-B6D3-44C0E442EABC}
	EndProjectSection
EndProject
Project("{FAE04EC0-301F-11D3-BF4B-00C04F79EFBC}") = "Marker", "Marker\Marker.csproj", "{7D52AF35-C940-4885-B6D3-44C0E442EABC}"
EndProject
Project("{FAE04EC0-301F-11D3-BF4B-00C04F79EFBC}") = "WebCS.Utilities", "WebCS.Utilities\WebCS.Utilities.csproj", "{A2EA5A08-2A3A-4557-936C-54551D47CD64}"
	ProjectSection(ProjectDependencies) = postProject
		{7D52AF35-C940-4885-B6D3-44C0E442EABC} = {7D52AF35-C940-4885-B6D3-44C0E442EABC}
	EndProjectSection
EndProject
Global
	GlobalSection(SolutionConfigurationPlatforms) = preSolution
		Debug|Any CPU = Debug|Any CPU
		Release|Any CPU = Release|Any CPU
	EndGlobalSection
	GlobalSection(ProjectConfigurationPlatforms) = postSolution
		{C6D7C809-A928-4003-BC23-66828D1CCC34}.Debug|Any CPU.ActiveCfg = Debug|Any CPU
		{C6D7C809-A928-4003-BC23-66828D1CCC34}.Debug|Any CPU.Build.0 = Debug|Any CPU
		{C6D7C809-A928-4003-BC23-66828D1CCC34}.Release|Any CPU.ActiveCfg = Release|Any CPU
		{C6D7C809-A928-4003-BC23-66828D1CCC34}.Release|Any CPU.Build.0 = Release|Any CPU
		{7D52AF35-C940-4885-B6D3-44C0E442EABC}.Debug|Any CPU.ActiveCfg = Debug|Any CPU
		{7D52AF35-C940-4885-B6D3-44C0E442EABC}.Debug|Any CPU.Build.0 = Debug|Any CPU
		{7D52AF35-C940-4885-B6D3-44C0E442EABC}.Release|Any CPU.ActiveCfg = Release|Any CPU
		{7D52AF35-C940-4885-B6D3-44C0E442EABC}.Release|Any CPU.Build.0 = Release|Any CPU
		{A2EA5A08-2A3A-4557-936C-54551D47CD64}.Debug|Any CPU.ActiveCfg = Debug|Any CPU
		{A2EA5A08-2A3A-4557-936C-54551D47CD64}.Debug|Any CPU.Build.0 = Debug|Any CPU
		{A2EA5A08-2A3A-4557-936C-54551D47CD64}.Release|Any CPU.ActiveCfg = Release|Any CPU
		{A2EA5A08-2A3A-4557-936C-54551D47CD64}.Release|Any CPU.Build.0 = Release|Any CPU
	EndGlobalSection
	GlobalSection(SolutionProperties) = preSolution
		HideSolutionNode = FALSE
	EndGlobalSection
EndGlobal
